<?xml version="1.0" encoding="UTF-8"?>
<Solution>
	<Configurations>
		<BuildType Name="Debug"/>
		<BuildType Name="Release"/>
		<BuildType Name="MinSizeRel"/>
		<BuildType Name="RelWithDebInfo"/>
		<Platform Name="x64"/>
	</Configurations>
	<Project Path="ALL_BUILD.vcxproj" Type="8bc9ceb8-8b4a-11d0-8d11-00a0c91bc942" Id="0dc185c9-2de7-35f8-bd6e-a266e90fc628" DefaultStartup="true">
		<BuildDependency Project="ZERO_CHECK.vcxproj"/>
		<BuildDependency Project="tests/check_builtin.vcxproj"/>
		<BuildDependency Project="tests/check_compressor.vcxproj"/>
		<BuildDependency Project="tests/check_intrinsic.vcxproj"/>
		<BuildDependency Project="tests/check_soap_parser.vcxproj"/>
		<BuildDependency Project="noson/noson.vcxproj"/>
		<BuildDependency Project="tests/testdevice.vcxproj"/>
		<BuildDependency Project="tests/testdevicems.vcxproj"/>
		<BuildDependency Project="tests/testintrinsic.vcxproj"/>
		<BuildDependency Project="tests/testsslwget.vcxproj"/>
	</Project>
	<Project Path="Continuous.vcxproj" Type="8bc9ceb8-8b4a-11d0-8d11-00a0c91bc942" Id="03612811-3140-3b50-9ae4-943d6db1eddb">
		<BuildDependency Project="ZERO_CHECK.vcxproj"/>
		<Build Solution="Debug|*" Project="false"/>
		<Build Solution="Release|*" Project="false"/>
		<Build Solution="MinSizeRel|*" Project="false"/>
		<Build Solution="RelWithDebInfo|*" Project="false"/>
	</Project>
	<Project Path="Experimental.vcxproj" Type="8bc9ceb8-8b4a-11d0-8d11-00a0c91bc942" Id="a56a083e-adb7-3150-abe1-18f1b29aff24">
		<BuildDependency Project="ZERO_CHECK.vcxproj"/>
		<Build Solution="Debug|*" Project="false"/>
		<Build Solution="Release|*" Project="false"/>
		<Build Solution="MinSizeRel|*" Project="false"/>
		<Build Solution="RelWithDebInfo|*" Project="false"/>
	</Project>
	<Project Path="INSTALL.vcxproj" Type="8bc9ceb8-8b4a-11d0-8d11-00a0c91bc942" Id="6b611db8-eec2-3e89-a136-420628d8e917">
		<BuildDependency Project="ALL_BUILD.vcxproj"/>
		<BuildDependency Project="ZERO_CHECK.vcxproj"/>
		<Build Solution="Debug|*" Project="false"/>
		<Build Solution="Release|*" Project="false"/>
		<Build Solution="MinSizeRel|*" Project="false"/>
		<Build Solution="RelWithDebInfo|*" Project="false"/>
	</Project>
	<Project Path="Nightly.vcxproj" Type="8bc9ceb8-8b4a-11d0-8d11-00a0c91bc942" Id="64ea8f54-7fa5-34a3-abd1-8d03c9ef9b93">
		<BuildDependency Project="ZERO_CHECK.vcxproj"/>
		<Build Solution="Debug|*" Project="false"/>
		<Build Solution="Release|*" Project="false"/>
		<Build Solution="MinSizeRel|*" Project="false"/>
		<Build Solution="RelWithDebInfo|*" Project="false"/>
	</Project>
	<Project Path="NightlyMemoryCheck.vcxproj" Type="8bc9ceb8-8b4a-11d0-8d11-00a0c91bc942" Id="080aa059-cb4b-3a05-9e2b-d27d2f6dd66c">
		<BuildDependency Project="ZERO_CHECK.vcxproj"/>
		<Build Solution="Debug|*" Project="false"/>
		<Build Solution="Release|*" Project="false"/>
		<Build Solution="MinSizeRel|*" Project="false"/>
		<Build Solution="RelWithDebInfo|*" Project="false"/>
	</Project>
	<Project Path="RUN_TESTS.vcxproj" Type="8bc9ceb8-8b4a-11d0-8d11-00a0c91bc942" Id="9eeb170b-e0f8-3774-9169-8851edf13bdd">
		<BuildDependency Project="ZERO_CHECK.vcxproj"/>
		<Build Solution="Debug|*" Project="false"/>
		<Build Solution="Release|*" Project="false"/>
		<Build Solution="MinSizeRel|*" Project="false"/>
		<Build Solution="RelWithDebInfo|*" Project="false"/>
	</Project>
	<Project Path="ZERO_CHECK.vcxproj" Type="8bc9ceb8-8b4a-11d0-8d11-00a0c91bc942" Id="6f47cee5-6da1-327c-b3a5-f4246d7ab659"/>
	<Project Path="tests/check_builtin.vcxproj" Type="8bc9ceb8-8b4a-11d0-8d11-00a0c91bc942" Id="5c486a36-2369-3a93-8088-4dac593722e6">
		<BuildDependency Project="ZERO_CHECK.vcxproj"/>
		<BuildDependency Project="noson/noson.vcxproj"/>
	</Project>
	<Project Path="tests/check_compressor.vcxproj" Type="8bc9ceb8-8b4a-11d0-8d11-00a0c91bc942" Id="0041c9e6-a0cb-30cc-a2f0-43151ab3f20b">
		<BuildDependency Project="ZERO_CHECK.vcxproj"/>
		<BuildDependency Project="noson/noson.vcxproj"/>
	</Project>
	<Project Path="tests/check_intrinsic.vcxproj" Type="8bc9ceb8-8b4a-11d0-8d11-00a0c91bc942" Id="625e51cf-9860-3b64-8c99-ddb8df4b4d2a">
		<BuildDependency Project="ZERO_CHECK.vcxproj"/>
		<BuildDependency Project="noson/noson.vcxproj"/>
	</Project>
	<Project Path="tests/check_soap_parser.vcxproj" Type="8bc9ceb8-8b4a-11d0-8d11-00a0c91bc942" Id="a66a5884-3c2d-3da9-8a32-c02c09ffb5a7">
		<BuildDependency Project="ZERO_CHECK.vcxproj"/>
		<BuildDependency Project="noson/noson.vcxproj"/>
	</Project>
	<Project Path="noson/noson.vcxproj" Type="8bc9ceb8-8b4a-11d0-8d11-00a0c91bc942" Id="4bc90272-0486-35ba-b5d7-f2000b5eb4a6">
		<BuildDependency Project="ZERO_CHECK.vcxproj"/>
	</Project>
	<Project Path="tests/testdevice.vcxproj" Type="8bc9ceb8-8b4a-11d0-8d11-00a0c91bc942" Id="4023c232-e100-3bf2-81c5-4a3dbd14b7df">
		<BuildDependency Project="ZERO_CHECK.vcxproj"/>
		<BuildDependency Project="noson/noson.vcxproj"/>
	</Project>
	<Project Path="tests/testdevicems.vcxproj" Type="8bc9ceb8-8b4a-11d0-8d11-00a0c91bc942" Id="a5098c92-bd9e-3a89-9330-35615de1d7e0">
		<BuildDependency Project="ZERO_CHECK.vcxproj"/>
		<BuildDependency Project="noson/noson.vcxproj"/>
	</Project>
	<Project Path="tests/testintrinsic.vcxproj" Type="8bc9ceb8-8b4a-11d0-8d11-00a0c91bc942" Id="ea2f02af-95c1-33ca-aaea-691690c9cdf5">
		<BuildDependency Project="ZERO_CHECK.vcxproj"/>
		<BuildDependency Project="noson/noson.vcxproj"/>
	</Project>
	<Project Path="tests/testsslwget.vcxproj" Type="8bc9ceb8-8b4a-11d0-8d11-00a0c91bc942" Id="eb9091bf-2b88-3802-9d5c-309bd85ce4cb">
		<BuildDependency Project="ZERO_CHECK.vcxproj"/>
		<BuildDependency Project="noson/noson.vcxproj"/>
	</Project>
	<Project Path="uninstall.vcxproj" Type="8bc9ceb8-8b4a-11d0-8d11-00a0c91bc942" Id="0bc9e7cc-8cba-3345-9e7d-1c915f32ffbe">
		<BuildDependency Project="ZERO_CHECK.vcxproj"/>
		<Build Solution="Debug|*" Project="false"/>
		<Build Solution="Release|*" Project="false"/>
		<Build Solution="MinSizeRel|*" Project="false"/>
		<Build Solution="RelWithDebInfo|*" Project="false"/>
	</Project>
</Solution>
